
Microsoft Visual Studio Solution File, Format Version 12.00
# Visual Studio Version 17
VisualStudioVersion = 17.5.33414.496
MinimumVisualStudioVersion = 10.0.40219.1
Project("{FAE04EC0-301F-11D3-BF4B-00C04F79EFBC}") = "PriceCompareSystem", "PriceCompareSystem\PriceCompareSystem.csproj", "{ACF7FF62-E189-4D34-94FF-B34C1D149697}"
EndProject
Global
	GlobalSection(SolutionConfigurationPlatforms) = preSolution
		Debug|Any CPU = Debug|Any CPU
		Release|Any CPU = Release|Any CPU
	EndGlobalSection
	GlobalSection(ProjectConfigurationPlatforms) = postSolution
		{ACF7FF62-E189-4D34-94FF-B34C1D149697}.Debug|Any CPU.ActiveCfg = Debug|Any CPU
		{ACF7FF62-E189-4D34-94FF-B34C1D149697}.Debug|Any CPU.Build.0 = Debug|Any CPU
		{ACF7FF62-E189-4D34-94FF-B34C1D149697}.Release|Any CPU.ActiveCfg = Release|Any CPU
		{ACF7FF62-E189-4D34-94FF-B34C1D149697}.Release|Any CPU.Build.0 = Release|Any CPU
	EndGlobalSection
	GlobalSection(SolutionProperties) = preSolution
		HideSolutionNode = FALSE
	EndGlobalSection
	GlobalSection(ExtensibilityGlobals) = postSolution
		SolutionGuid = {AA986D63-BD4F-453B-BF16-F61F7EDEA357}
	EndGlobalSection
EndGlobal
